
Microsoft Visual Studio Solution File, Format Version 12.00
# Visual Studio Version 16
VisualStudioVersion = 16.0.30406.217
MinimumVisualStudioVersion = 10.0.40219.1
Project("{9A19103F-16F7-4668-BE54-9A1E7A4F7556}") = "VeryDeli.Api", "VeryDeli.Api\VeryDeli.Api.csproj", "{1BA0C5B5-11AF-42C3-935E-51CC3ACCC6A3}"
	ProjectSection(ProjectDependencies) = postProject
		{C57CE776-FE76-427E-8B71-BC527EB4F813} = {C57CE776-FE76-427E-8B71-BC527EB4F813}
	EndProjectSection
EndProject
Project("{9A19103F-16F7-4668-BE54-9A1E7A4F7556}") = "VeryDeli.Data", "VeryDeli.Data\VeryDeli.Data.csproj", "{C57CE776-FE76-427E-8B71-BC527EB4F813}"
EndProject
Project("{2150E333-8FDC-42A3-9474-1A3956D46DE8}") = "Tests", "Tests", "{AF39CD69-3DCA-4530-AB96-E978E8AE3E53}"
EndProject
Project("{9A19103F-16F7-4668-BE54-9A1E7A4F7556}") = "VeryDeli.Tests.Integration", "Tests\VeryDeli.Tests.Integration\VeryDeli.Tests.Integration.csproj", "{30C5E5B9-4D58-4BC6-B508-70AA19E616BE}"
EndProject
Project("{9A19103F-16F7-4668-BE54-9A1E7A4F7556}") = "VeryDeli.Tests.Unit", "Tests\VeryDeli.Tests.Unit\VeryDeli.Tests.Unit.csproj", "{285C6092-62AD-4671-A293-6E8EFED86637}"
EndProject
Project("{9A19103F-16F7-4668-BE54-9A1E7A4F7556}") = "VeryDeli.Logic", "VeryDeli.Logic\VeryDeli.Logic.csproj", "{5CBEF8C0-AD8F-4035-845A-925B69C28726}"
EndProject
Project("{2150E333-8FDC-42A3-9474-1A3956D46DE8}") = "Api", "Api", "{5EC0BDBD-7B46-463E-BB90-3FBBC425E7B3}"
EndProject
Project("{2150E333-8FDC-42A3-9474-1A3956D46DE8}") = "Modules", "Modules", "{97CB78CD-C3D9-4597-A5F9-67C416DC7514}"
EndProject
Project("{2150E333-8FDC-42A3-9474-1A3956D46DE8}") = "Libraries", "Libraries", "{EFEA1FC9-E936-4F5E-B394-F1891A49352F}"
EndProject
Project("{2150E333-8FDC-42A3-9474-1A3956D46DE8}") = "Tests", "Tests", "{A5013F91-C0E0-44F9-8558-3144AD133895}"
EndProject
Project("{9A19103F-16F7-4668-BE54-9A1E7A4F7556}") = "VeryDeli.Api.Tests.E2E", "Api\Tests\VeryDeli.Api.Tests.E2E\VeryDeli.Api.Tests.E2E.csproj", "{63BCD1E0-D1F9-4DFF-95B2-BA13B10ECC47}"
EndProject
Project("{9A19103F-16F7-4668-BE54-9A1E7A4F7556}") = "VeryDeli.Api", "Api\VeryDeli.Api\VeryDeli.Api.csproj", "{28E17679-6A72-43DB-B112-A687802BE008}"
EndProject
Project("{2150E333-8FDC-42A3-9474-1A3956D46DE8}") = "Tests", "Tests", "{C4ACC8A4-017E-4248-86E5-18D51A5599C3}"
EndProject
Project("{2150E333-8FDC-42A3-9474-1A3956D46DE8}") = "Users", "Users", "{4FF31565-3503-455E-9C24-65DDADECEBE4}"
EndProject
Project("{2150E333-8FDC-42A3-9474-1A3956D46DE8}") = "Order", "Order", "{3F51D301-247D-44C0-B60E-B29AB61E988C}"
EndProject
Project("{2150E333-8FDC-42A3-9474-1A3956D46DE8}") = "Food", "Food", "{0AFB8386-5758-4999-AC7D-1C0740A840AD}"
EndProject
Project("{2150E333-8FDC-42A3-9474-1A3956D46DE8}") = "Tests", "Tests", "{3495974E-017A-4CD0-AA2C-1D0697A53C6C}"
EndProject
Project("{9A19103F-16F7-4668-BE54-9A1E7A4F7556}") = "VeryDeli.Modules.Order.Api", "Modules\Order\VeryDeli.Modules.Order.Api\VeryDeli.Modules.Order.Api.csproj", "{F2F32F49-06C9-4743-BD8C-D86C1668D5DE}"
EndProject
Project("{9A19103F-16F7-4668-BE54-9A1E7A4F7556}") = "VeryDeli.Modules.Order.Tests.Integration", "Modules\Order\Tests\VeryDeli.Modules.Order.Tests.Integration\VeryDeli.Modules.Order.Tests.Integration.csproj", "{14FC2389-C95A-4FC4-9EC9-C3D716E62307}"
EndProject
Project("{9A19103F-16F7-4668-BE54-9A1E7A4F7556}") = "VeryDeli.Modules.Order.Tests.Logic.Unit", "Modules\Order\Tests\VeryDeli.Modules.Order.Tests.Logic.Unit\VeryDeli.Modules.Order.Tests.Logic.Unit.csproj", "{9E732FAB-30C7-4A98-AD0D-B7E6FF98D5A9}"
EndProject
Project("{FAE04EC0-301F-11D3-BF4B-00C04F79EFBC}") = "VeryDeli.Modules.Order.Data", "Modules\Order\VeryDeli.Modules.Order.Data\VeryDeli.Modules.Order.Data.csproj", "{44DF81F9-2566-4F94-808B-B5654A735528}"
EndProject
Project("{FAE04EC0-301F-11D3-BF4B-00C04F79EFBC}") = "VeryDeli.Modules.Order.Logic", "Modules\Order\VeryDeli.Modules.Order.Logic\VeryDeli.Modules.Order.Logic.csproj", "{61BD8D03-E093-4750-832F-DDF94CD762F5}"
EndProject
Project("{FAE04EC0-301F-11D3-BF4B-00C04F79EFBC}") = "VeryDeli.Modules.Order.Infrastructure", "Modules\Order\VeryDeli.Modules.Order.Infrastructure\VeryDeli.Modules.Order.Infrastructure.csproj", "{F42959AF-4EC0-414F-BCB7-D89D2417F7ED}"
EndProject
Project("{FAE04EC0-301F-11D3-BF4B-00C04F79EFBC}") = "VeryDeli.Modules.Users.Api", "Modules\Users\VeryDeli.Modules.Users.Api\VeryDeli.Modules.Users.Api.csproj", "{39839169-98E6-49B8-8EBF-995F7388C2E0}"
EndProject
Project("{FAE04EC0-301F-11D3-BF4B-00C04F79EFBC}") = "VeryDeli.Modules.Users.Core", "Modules\Users\VeryDeli.Modules.Users.Core\VeryDeli.Modules.Users.Core.csproj", "{02597503-A8D5-4072-8E11-C6D99F3913DA}"
EndProject
Project("{FAE04EC0-301F-11D3-BF4B-00C04F79EFBC}") = "VeryDeli.Modules.Food.Api", "Modules\Food\VeryDeli.Modules.Food.Api\VeryDeli.Modules.Food.Api.csproj", "{7B8AA2CD-F32F-464B-8B15-B7565F765F4D}"
EndProject
Project("{2150E333-8FDC-42A3-9474-1A3956D46DE8}") = "Tests", "Tests", "{D56F650B-BAA4-440E-BEDC-CFE3664A80AF}"
EndProject
Project("{FAE04EC0-301F-11D3-BF4B-00C04F79EFBC}") = "VeryDeli.Modules.Food.Logic", "Modules\Food\VeryDeli.Modules.Food.Logic\VeryDeli.Modules.Food.Logic.csproj", "{FC742FD4-31B7-42A6-B4A6-08DCFFF5B3D9}"
EndProject
Project("{FAE04EC0-301F-11D3-BF4B-00C04F79EFBC}") = "VeryDeli.Modules.Food.Data", "Modules\Food\VeryDeli.Modules.Food.Data\VeryDeli.Modules.Food.Data.csproj", "{9AC38A8B-5EF1-43A3-87DD-20FAF732717E}"
EndProject
Project("{FAE04EC0-301F-11D3-BF4B-00C04F79EFBC}") = "VeryDeli.Modules.Food.Infrastructure", "Modules\Food\VeryDeli.Modules.Food.Infrastructure\VeryDeli.Modules.Food.Infrastructure.csproj", "{8D1D5825-2B98-4076-B941-A67A07AAB777}"
EndProject
Project("{FAE04EC0-301F-11D3-BF4B-00C04F79EFBC}") = "VeryDeli.Modules.Food.Tests.Integration", "Modules\Food\Tests\VeryDeli.Modules.Food.Tests.Integration\VeryDeli.Modules.Food.Tests.Integration.csproj", "{C5FB66F3-FDFF-46F3-BB08-8F1EA1CBE5AA}"
EndProject
Project("{FAE04EC0-301F-11D3-BF4B-00C04F79EFBC}") = "VeryDeli.Modules.Food.Tests.Logic.Unit", "Modules\Food\Tests\VeryDeli.Modules.Food.Tests.Logic.Unit\VeryDeli.Modules.Food.Tests.Logic.Unit.csproj", "{D0744835-52F7-4495-B5EB-5452EA8CB8F9}"
EndProject
Project("{2150E333-8FDC-42A3-9474-1A3956D46DE8}") = "Tests", "Tests", "{D16CA5EC-E26B-4B97-8046-AEFC963518DD}"
EndProject
Project("{FAE04EC0-301F-11D3-BF4B-00C04F79EFBC}") = "VeryDeli.Modules.Users.Tests.Integration", "Modules\Users\Tests\VeryDeli.Modules.Users.Tests.Integration\VeryDeli.Modules.Users.Tests.Integration.csproj", "{96E4078E-0319-41C6-A38D-059FBE6164D1}"
EndProject
Project("{FAE04EC0-301F-11D3-BF4B-00C04F79EFBC}") = "VeryDeli.Modules.Users.Tests.Core.Unit", "VeryDeli.Modules.Users.Tests.Core.Unit\VeryDeli.Modules.Users.Tests.Core.Unit.csproj", "{8966C8DE-AAAF-4510-8633-312172EF9F37}"
EndProject
Project("{FAE04EC0-301F-11D3-BF4B-00C04F79EFBC}") = "VeryDeli.Libraries.Infrastructure", "Libraries\VeryDeli.Libraries.Infrastructure\VeryDeli.Libraries.Infrastructure.csproj", "{1DCDDDDC-36BC-4EB2-ADBC-DF91A74E8B03}"
EndProject
Project("{FAE04EC0-301F-11D3-BF4B-00C04F79EFBC}") = "VeryDeli.Libraries.Abstraction", "Libraries\VeryDeli.Libraries.Abstraction\VeryDeli.Libraries.Abstraction.csproj", "{6498C6D4-07D4-4214-9F72-A7DF80FA827B}"
EndProject
Global
	GlobalSection(SolutionConfigurationPlatforms) = preSolution
		Debug|Any CPU = Debug|Any CPU
		Release|Any CPU = Release|Any CPU
	EndGlobalSection
	GlobalSection(ProjectConfigurationPlatforms) = postSolution
		{1BA0C5B5-11AF-42C3-935E-51CC3ACCC6A3}.Debug|Any CPU.ActiveCfg = Debug|Any CPU
		{1BA0C5B5-11AF-42C3-935E-51CC3ACCC6A3}.Debug|Any CPU.Build.0 = Debug|Any CPU
		{1BA0C5B5-11AF-42C3-935E-51CC3ACCC6A3}.Release|Any CPU.ActiveCfg = Release|Any CPU
		{1BA0C5B5-11AF-42C3-935E-51CC3ACCC6A3}.Release|Any CPU.Build.0 = Release|Any CPU
		{C57CE776-FE76-427E-8B71-BC527EB4F813}.Debug|Any CPU.ActiveCfg = Debug|Any CPU
		{C57CE776-FE76-427E-8B71-BC527EB4F813}.Debug|Any CPU.Build.0 = Debug|Any CPU
		{C57CE776-FE76-427E-8B71-BC527EB4F813}.Release|Any CPU.ActiveCfg = Release|Any CPU
		{C57CE776-FE76-427E-8B71-BC527EB4F813}.Release|Any CPU.Build.0 = Release|Any CPU
		{30C5E5B9-4D58-4BC6-B508-70AA19E616BE}.Debug|Any CPU.ActiveCfg = Debug|Any CPU
		{30C5E5B9-4D58-4BC6-B508-70AA19E616BE}.Debug|Any CPU.Build.0 = Debug|Any CPU
		{30C5E5B9-4D58-4BC6-B508-70AA19E616BE}.Release|Any CPU.ActiveCfg = Release|Any CPU
		{30C5E5B9-4D58-4BC6-B508-70AA19E616BE}.Release|Any CPU.Build.0 = Release|Any CPU
		{285C6092-62AD-4671-A293-6E8EFED86637}.Debug|Any CPU.ActiveCfg = Debug|Any CPU
		{285C6092-62AD-4671-A293-6E8EFED86637}.Debug|Any CPU.Build.0 = Debug|Any CPU
		{285C6092-62AD-4671-A293-6E8EFED86637}.Release|Any CPU.ActiveCfg = Release|Any CPU
		{285C6092-62AD-4671-A293-6E8EFED86637}.Release|Any CPU.Build.0 = Release|Any CPU
		{5CBEF8C0-AD8F-4035-845A-925B69C28726}.Debug|Any CPU.ActiveCfg = Debug|Any CPU
		{5CBEF8C0-AD8F-4035-845A-925B69C28726}.Debug|Any CPU.Build.0 = Debug|Any CPU
		{5CBEF8C0-AD8F-4035-845A-925B69C28726}.Release|Any CPU.ActiveCfg = Release|Any CPU
		{5CBEF8C0-AD8F-4035-845A-925B69C28726}.Release|Any CPU.Build.0 = Release|Any CPU
		{63BCD1E0-D1F9-4DFF-95B2-BA13B10ECC47}.Debug|Any CPU.ActiveCfg = Debug|Any CPU
		{63BCD1E0-D1F9-4DFF-95B2-BA13B10ECC47}.Debug|Any CPU.Build.0 = Debug|Any CPU
		{63BCD1E0-D1F9-4DFF-95B2-BA13B10ECC47}.Release|Any CPU.ActiveCfg = Release|Any CPU
		{63BCD1E0-D1F9-4DFF-95B2-BA13B10ECC47}.Release|Any CPU.Build.0 = Release|Any CPU
		{28E17679-6A72-43DB-B112-A687802BE008}.Debug|Any CPU.ActiveCfg = Debug|Any CPU
		{28E17679-6A72-43DB-B112-A687802BE008}.Debug|Any CPU.Build.0 = Debug|Any CPU
		{28E17679-6A72-43DB-B112-A687802BE008}.Release|Any CPU.ActiveCfg = Release|Any CPU
		{28E17679-6A72-43DB-B112-A687802BE008}.Release|Any CPU.Build.0 = Release|Any CPU
		{F2F32F49-06C9-4743-BD8C-D86C1668D5DE}.Debug|Any CPU.ActiveCfg = Debug|Any CPU
		{F2F32F49-06C9-4743-BD8C-D86C1668D5DE}.Debug|Any CPU.Build.0 = Debug|Any CPU
		{F2F32F49-06C9-4743-BD8C-D86C1668D5DE}.Release|Any CPU.ActiveCfg = Release|Any CPU
		{F2F32F49-06C9-4743-BD8C-D86C1668D5DE}.Release|Any CPU.Build.0 = Release|Any CPU
		{14FC2389-C95A-4FC4-9EC9-C3D716E62307}.Debug|Any CPU.ActiveCfg = Debug|Any CPU
		{14FC2389-C95A-4FC4-9EC9-C3D716E62307}.Debug|Any CPU.Build.0 = Debug|Any CPU
		{14FC2389-C95A-4FC4-9EC9-C3D716E62307}.Release|Any CPU.ActiveCfg = Release|Any CPU
		{14FC2389-C95A-4FC4-9EC9-C3D716E62307}.Release|Any CPU.Build.0 = Release|Any CPU
		{9E732FAB-30C7-4A98-AD0D-B7E6FF98D5A9}.Debug|Any CPU.ActiveCfg = Debug|Any CPU
		{9E732FAB-30C7-4A98-AD0D-B7E6FF98D5A9}.Debug|Any CPU.Build.0 = Debug|Any CPU
		{9E732FAB-30C7-4A98-AD0D-B7E6FF98D5A9}.Release|Any CPU.ActiveCfg = Release|Any CPU
		{9E732FAB-30C7-4A98-AD0D-B7E6FF98D5A9}.Release|Any CPU.Build.0 = Release|Any CPU
		{44DF81F9-2566-4F94-808B-B5654A735528}.Debug|Any CPU.ActiveCfg = Debug|Any CPU
		{44DF81F9-2566-4F94-808B-B5654A735528}.Debug|Any CPU.Build.0 = Debug|Any CPU
		{44DF81F9-2566-4F94-808B-B5654A735528}.Release|Any CPU.ActiveCfg = Release|Any CPU
		{44DF81F9-2566-4F94-808B-B5654A735528}.Release|Any CPU.Build.0 = Release|Any CPU
		{61BD8D03-E093-4750-832F-DDF94CD762F5}.Debug|Any CPU.ActiveCfg = Debug|Any CPU
		{61BD8D03-E093-4750-832F-DDF94CD762F5}.Debug|Any CPU.Build.0 = Debug|Any CPU
		{61BD8D03-E093-4750-832F-DDF94CD762F5}.Release|Any CPU.ActiveCfg = Release|Any CPU
		{61BD8D03-E093-4750-832F-DDF94CD762F5}.Release|Any CPU.Build.0 = Release|Any CPU
		{F42959AF-4EC0-414F-BCB7-D89D2417F7ED}.Debug|Any CPU.ActiveCfg = Debug|Any CPU
		{F42959AF-4EC0-414F-BCB7-D89D2417F7ED}.Debug|Any CPU.Build.0 = Debug|Any CPU
		{F42959AF-4EC0-414F-BCB7-D89D2417F7ED}.Release|Any CPU.ActiveCfg = Release|Any CPU
		{F42959AF-4EC0-414F-BCB7-D89D2417F7ED}.Release|Any CPU.Build.0 = Release|Any CPU
		{39839169-98E6-49B8-8EBF-995F7388C2E0}.Debug|Any CPU.ActiveCfg = Debug|Any CPU
		{39839169-98E6-49B8-8EBF-995F7388C2E0}.Debug|Any CPU.Build.0 = Debug|Any CPU
		{39839169-98E6-49B8-8EBF-995F7388C2E0}.Release|Any CPU.ActiveCfg = Release|Any CPU
		{39839169-98E6-49B8-8EBF-995F7388C2E0}.Release|Any CPU.Build.0 = Release|Any CPU
		{02597503-A8D5-4072-8E11-C6D99F3913DA}.Debug|Any CPU.ActiveCfg = Debug|Any CPU
		{02597503-A8D5-4072-8E11-C6D99F3913DA}.Debug|Any CPU.Build.0 = Debug|Any CPU
		{02597503-A8D5-4072-8E11-C6D99F3913DA}.Release|Any CPU.ActiveCfg = Release|Any CPU
		{02597503-A8D5-4072-8E11-C6D99F3913DA}.Release|Any CPU.Build.0 = Release|Any CPU
		{7B8AA2CD-F32F-464B-8B15-B7565F765F4D}.Debug|Any CPU.ActiveCfg = Debug|Any CPU
		{7B8AA2CD-F32F-464B-8B15-B7565F765F4D}.Debug|Any CPU.Build.0 = Debug|Any CPU
		{7B8AA2CD-F32F-464B-8B15-B7565F765F4D}.Release|Any CPU.ActiveCfg = Release|Any CPU
		{7B8AA2CD-F32F-464B-8B15-B7565F765F4D}.Release|Any CPU.Build.0 = Release|Any CPU
		{FC742FD4-31B7-42A6-B4A6-08DCFFF5B3D9}.Debug|Any CPU.ActiveCfg = Debug|Any CPU
		{FC742FD4-31B7-42A6-B4A6-08DCFFF5B3D9}.Debug|Any CPU.Build.0 = Debug|Any CPU
		{FC742FD4-31B7-42A6-B4A6-08DCFFF5B3D9}.Release|Any CPU.ActiveCfg = Release|Any CPU
		{FC742FD4-31B7-42A6-B4A6-08DCFFF5B3D9}.Release|Any CPU.Build.0 = Release|Any CPU
		{9AC38A8B-5EF1-43A3-87DD-20FAF732717E}.Debug|Any CPU.ActiveCfg = Debug|Any CPU
		{9AC38A8B-5EF1-43A3-87DD-20FAF732717E}.Debug|Any CPU.Build.0 = Debug|Any CPU
		{9AC38A8B-5EF1-43A3-87DD-20FAF732717E}.Release|Any CPU.ActiveCfg = Release|Any CPU
		{9AC38A8B-5EF1-43A3-87DD-20FAF732717E}.Release|Any CPU.Build.0 = Release|Any CPU
		{8D1D5825-2B98-4076-B941-A67A07AAB777}.Debug|Any CPU.ActiveCfg = Debug|Any CPU
		{8D1D5825-2B98-4076-B941-A67A07AAB777}.Debug|Any CPU.Build.0 = Debug|Any CPU
		{8D1D5825-2B98-4076-B941-A67A07AAB777}.Release|Any CPU.ActiveCfg = Release|Any CPU
		{8D1D5825-2B98-4076-B941-A67A07AAB777}.Release|Any CPU.Build.0 = Release|Any CPU
		{C5FB66F3-FDFF-46F3-BB08-8F1EA1CBE5AA}.Debug|Any CPU.ActiveCfg = Debug|Any CPU
		{C5FB66F3-FDFF-46F3-BB08-8F1EA1CBE5AA}.Debug|Any CPU.Build.0 = Debug|Any CPU
		{C5FB66F3-FDFF-46F3-BB08-8F1EA1CBE5AA}.Release|Any CPU.ActiveCfg = Release|Any CPU
		{C5FB66F3-FDFF-46F3-BB08-8F1EA1CBE5AA}.Release|Any CPU.Build.0 = Release|Any CPU
		{D0744835-52F7-4495-B5EB-5452EA8CB8F9}.Debug|Any CPU.ActiveCfg = Debug|Any CPU
		{D0744835-52F7-4495-B5EB-5452EA8CB8F9}.Debug|Any CPU.Build.0 = Debug|Any CPU
		{D0744835-52F7-4495-B5EB-5452EA8CB8F9}.Release|Any CPU.ActiveCfg = Release|Any CPU
		{D0744835-52F7-4495-B5EB-5452EA8CB8F9}.Release|Any CPU.Build.0 = Release|Any CPU
		{96E4078E-0319-41C6-A38D-059FBE6164D1}.Debug|Any CPU.ActiveCfg = Debug|Any CPU
		{96E4078E-0319-41C6-A38D-059FBE6164D1}.Debug|Any CPU.Build.0 = Debug|Any CPU
		{96E4078E-0319-41C6-A38D-059FBE6164D1}.Release|Any CPU.ActiveCfg = Release|Any CPU
		{96E4078E-0319-41C6-A38D-059FBE6164D1}.Release|Any CPU.Build.0 = Release|Any CPU
		{8966C8DE-AAAF-4510-8633-312172EF9F37}.Debug|Any CPU.ActiveCfg = Debug|Any CPU
		{8966C8DE-AAAF-4510-8633-312172EF9F37}.Debug|Any CPU.Build.0 = Debug|Any CPU
		{8966C8DE-AAAF-4510-8633-312172EF9F37}.Release|Any CPU.ActiveCfg = Release|Any CPU
		{8966C8DE-AAAF-4510-8633-312172EF9F37}.Release|Any CPU.Build.0 = Release|Any CPU
		{1DCDDDDC-36BC-4EB2-ADBC-DF91A74E8B03}.Debug|Any CPU.ActiveCfg = Debug|Any CPU
		{1DCDDDDC-36BC-4EB2-ADBC-DF91A74E8B03}.Debug|Any CPU.Build.0 = Debug|Any CPU
		{1DCDDDDC-36BC-4EB2-ADBC-DF91A74E8B03}.Release|Any CPU.ActiveCfg = Release|Any CPU
		{1DCDDDDC-36BC-4EB2-ADBC-DF91A74E8B03}.Release|Any CPU.Build.0 = Release|Any CPU
		{6498C6D4-07D4-4214-9F72-A7DF80FA827B}.Debug|Any CPU.ActiveCfg = Debug|Any CPU
		{6498C6D4-07D4-4214-9F72-A7DF80FA827B}.Debug|Any CPU.Build.0 = Debug|Any CPU
		{6498C6D4-07D4-4214-9F72-A7DF80FA827B}.Release|Any CPU.ActiveCfg = Release|Any CPU
		{6498C6D4-07D4-4214-9F72-A7DF80FA827B}.Release|Any CPU.Build.0 = Release|Any CPU
	EndGlobalSection
	GlobalSection(SolutionProperties) = preSolution
		HideSolutionNode = FALSE
	EndGlobalSection
	GlobalSection(NestedProjects) = preSolution
		{30C5E5B9-4D58-4BC6-B508-70AA19E616BE} = {AF39CD69-3DCA-4530-AB96-E978E8AE3E53}
		{285C6092-62AD-4671-A293-6E8EFED86637} = {AF39CD69-3DCA-4530-AB96-E978E8AE3E53}
		{A5013F91-C0E0-44F9-8558-3144AD133895} = {5EC0BDBD-7B46-463E-BB90-3FBBC425E7B3}
		{63BCD1E0-D1F9-4DFF-95B2-BA13B10ECC47} = {A5013F91-C0E0-44F9-8558-3144AD133895}
		{28E17679-6A72-43DB-B112-A687802BE008} = {5EC0BDBD-7B46-463E-BB90-3FBBC425E7B3}
		{C4ACC8A4-017E-4248-86E5-18D51A5599C3} = {EFEA1FC9-E936-4F5E-B394-F1891A49352F}
		{4FF31565-3503-455E-9C24-65DDADECEBE4} = {97CB78CD-C3D9-4597-A5F9-67C416DC7514}
		{3F51D301-247D-44C0-B60E-B29AB61E988C} = {97CB78CD-C3D9-4597-A5F9-67C416DC7514}
		{0AFB8386-5758-4999-AC7D-1C0740A840AD} = {97CB78CD-C3D9-4597-A5F9-67C416DC7514}
		{3495974E-017A-4CD0-AA2C-1D0697A53C6C} = {3F51D301-247D-44C0-B60E-B29AB61E988C}
		{F2F32F49-06C9-4743-BD8C-D86C1668D5DE} = {3F51D301-247D-44C0-B60E-B29AB61E988C}
		{14FC2389-C95A-4FC4-9EC9-C3D716E62307} = {3495974E-017A-4CD0-AA2C-1D0697A53C6C}
		{9E732FAB-30C7-4A98-AD0D-B7E6FF98D5A9} = {3495974E-017A-4CD0-AA2C-1D0697A53C6C}
		{44DF81F9-2566-4F94-808B-B5654A735528} = {3F51D301-247D-44C0-B60E-B29AB61E988C}
		{61BD8D03-E093-4750-832F-DDF94CD762F5} = {3F51D301-247D-44C0-B60E-B29AB61E988C}
		{F42959AF-4EC0-414F-BCB7-D89D2417F7ED} = {3F51D301-247D-44C0-B60E-B29AB61E988C}
		{39839169-98E6-49B8-8EBF-995F7388C2E0} = {4FF31565-3503-455E-9C24-65DDADECEBE4}
		{02597503-A8D5-4072-8E11-C6D99F3913DA} = {4FF31565-3503-455E-9C24-65DDADECEBE4}
		{7B8AA2CD-F32F-464B-8B15-B7565F765F4D} = {0AFB8386-5758-4999-AC7D-1C0740A840AD}
		{D56F650B-BAA4-440E-BEDC-CFE3664A80AF} = {0AFB8386-5758-4999-AC7D-1C0740A840AD}
		{FC742FD4-31B7-42A6-B4A6-08DCFFF5B3D9} = {0AFB8386-5758-4999-AC7D-1C0740A840AD}
		{9AC38A8B-5EF1-43A3-87DD-20FAF732717E} = {0AFB8386-5758-4999-AC7D-1C0740A840AD}
		{8D1D5825-2B98-4076-B941-A67A07AAB777} = {0AFB8386-5758-4999-AC7D-1C0740A840AD}
		{C5FB66F3-FDFF-46F3-BB08-8F1EA1CBE5AA} = {D56F650B-BAA4-440E-BEDC-CFE3664A80AF}
		{D0744835-52F7-4495-B5EB-5452EA8CB8F9} = {D56F650B-BAA4-440E-BEDC-CFE3664A80AF}
		{D16CA5EC-E26B-4B97-8046-AEFC963518DD} = {4FF31565-3503-455E-9C24-65DDADECEBE4}
		{96E4078E-0319-41C6-A38D-059FBE6164D1} = {D16CA5EC-E26B-4B97-8046-AEFC963518DD}
		{8966C8DE-AAAF-4510-8633-312172EF9F37} = {D16CA5EC-E26B-4B97-8046-AEFC963518DD}
		{1DCDDDDC-36BC-4EB2-ADBC-DF91A74E8B03} = {EFEA1FC9-E936-4F5E-B394-F1891A49352F}
		{6498C6D4-07D4-4214-9F72-A7DF80FA827B} = {EFEA1FC9-E936-4F5E-B394-F1891A49352F}
	EndGlobalSection
	GlobalSection(ExtensibilityGlobals) = postSolution
		SolutionGuid = {9E0E3F90-7D9D-41CE-A225-2284C7CFFCCA}
	EndGlobalSection
EndGlobal
